
Microsoft Visual Studio Solution File, Format Version 12.00
# Visual Studio Version 17
VisualStudioVersion = 17.0.32002.185
MinimumVisualStudioVersion = 10.0.40219.1
Project("{FAE04EC0-301F-11D3-BF4B-00C04F79EFBC}") = "exercise_8_1", "exercise_8_1\exercise_8_1.csproj", "{59E3D882-DCB9-498A-BA08-1C575571808E}"
EndProject
Project("{FAE04EC0-301F-11D3-BF4B-00C04F79EFBC}") = "exercise_8_2", "exercise_8_2\exercise_8_2.csproj", "{8D984506-5926-40A1-9615-F9E29164AF6C}"
EndProject
Project("{FAE04EC0-301F-11D3-BF4B-00C04F79EFBC}") = "exercise_8_3", "exercise_8_3\exercise_8_3.csproj", "{D62941C9-5B95-4995-9CA9-E8D8DD502108}"
EndProject
Project("{FAE04EC0-301F-11D3-BF4B-00C04F79EFBC}") = "exercise_8_4", "exercise_8_4\exercise_8_4.csproj", "{4C517ACA-21DE-4641-8FC0-6A13DCF285CE}"
EndProject
Global
	GlobalSection(SolutionConfigurationPlatforms) = preSolution
		Debug|Any CPU = Debug|Any CPU
		Release|Any CPU = Release|Any CPU
	EndGlobalSection
	GlobalSection(ProjectConfigurationPlatforms) = postSolution
		{59E3D882-DCB9-498A-BA08-1C575571808E}.Debug|Any CPU.ActiveCfg = Debug|Any CPU
		{59E3D882-DCB9-498A-BA08-1C575571808E}.Debug|Any CPU.Build.0 = Debug|Any CPU
		{59E3D882-DCB9-498A-BA08-1C575571808E}.Release|Any CPU.ActiveCfg = Release|Any CPU
		{59E3D882-DCB9-498A-BA08-1C575571808E}.Release|Any CPU.Build.0 = Release|Any CPU
		{8D984506-5926-40A1-9615-F9E29164AF6C}.Debug|Any CPU.ActiveCfg = Debug|Any CPU
		{8D984506-5926-40A1-9615-F9E29164AF6C}.Debug|Any CPU.Build.0 = Debug|Any CPU
		{8D984506-5926-40A1-9615-F9E29164AF6C}.Release|Any CPU.ActiveCfg = Release|Any CPU
		{8D984506-5926-40A1-9615-F9E29164AF6C}.Release|Any CPU.Build.0 = Release|Any CPU
		{D62941C9-5B95-4995-9CA9-E8D8DD502108}.Debug|Any CPU.ActiveCfg = Debug|Any CPU
		{D62941C9-5B95-4995-9CA9-E8D8DD502108}.Debug|Any CPU.Build.0 = Debug|Any CPU
		{D62941C9-5B95-4995-9CA9-E8D8DD502108}.Release|Any CPU.ActiveCfg = Release|Any CPU
		{D62941C9-5B95-4995-9CA9-E8D8DD502108}.Release|Any CPU.Build.0 = Release|Any CPU
		{4C517ACA-21DE-4641-8FC0-6A13DCF285CE}.Debug|Any CPU.ActiveCfg = Debug|Any CPU
		{4C517ACA-21DE-4641-8FC0-6A13DCF285CE}.Debug|Any CPU.Build.0 = Debug|Any CPU
		{4C517ACA-21DE-4641-8FC0-6A13DCF285CE}.Release|Any CPU.ActiveCfg = Release|Any CPU
		{4C517ACA-21DE-4641-8FC0-6A13DCF285CE}.Release|Any CPU.Build.0 = Release|Any CPU
	EndGlobalSection
	GlobalSection(SolutionProperties) = preSolution
		HideSolutionNode = FALSE
	EndGlobalSection
	GlobalSection(ExtensibilityGlobals) = postSolution
		SolutionGuid = {005A7653-C0FE-43F2-A75B-3EF440ABEE92}
	EndGlobalSection
EndGlobal
