
Microsoft Visual Studio Solution File, Format Version 12.00
# Visual Studio Version 17
VisualStudioVersion = 17.0.31919.166
MinimumVisualStudioVersion = 10.0.40219.1
Project("{FAE04EC0-301F-11D3-BF4B-00C04F79EFBC}") = "exercise_6", "exercise_6\exercise_6.csproj", "{F1891567-58E9-4FA2-BB04-FD135C107851}"
EndProject
Global
	GlobalSection(SolutionConfigurationPlatforms) = preSolution
		Debug|Any CPU = Debug|Any CPU
		Release|Any CPU = Release|Any CPU
	EndGlobalSection
	GlobalSection(ProjectConfigurationPlatforms) = postSolution
		{F1891567-58E9-4FA2-BB04-FD135C107851}.Debug|Any CPU.ActiveCfg = Debug|Any CPU
		{F1891567-58E9-4FA2-BB04-FD135C107851}.Debug|Any CPU.Build.0 = Debug|Any CPU
		{F1891567-58E9-4FA2-BB04-FD135C107851}.Release|Any CPU.ActiveCfg = Release|Any CPU
		{F1891567-58E9-4FA2-BB04-FD135C107851}.Release|Any CPU.Build.0 = Release|Any CPU
	EndGlobalSection
	GlobalSection(SolutionProperties) = preSolution
		HideSolutionNode = FALSE
	EndGlobalSection
	GlobalSection(ExtensibilityGlobals) = postSolution
		SolutionGuid = {CEFFF69B-B82A-4382-BC40-E11EA3490E2B}
	EndGlobalSection
EndGlobal
