
Microsoft Visual Studio Solution File, Format Version 12.00
# Visual Studio Version 17
VisualStudioVersion = 17.0.31919.166
MinimumVisualStudioVersion = 10.0.40219.1
Project("{FAE04EC0-301F-11D3-BF4B-00C04F79EFBC}") = "exercise_1", "exercise_1\exercise_1.csproj", "{BAA1C48F-35A1-47A0-AA10-46289A6BA821}"
EndProject
Global
	GlobalSection(SolutionConfigurationPlatforms) = preSolution
		Debug|Any CPU = Debug|Any CPU
		Release|Any CPU = Release|Any CPU
	EndGlobalSection
	GlobalSection(ProjectConfigurationPlatforms) = postSolution
		{BAA1C48F-35A1-47A0-AA10-46289A6BA821}.Debug|Any CPU.ActiveCfg = Debug|Any CPU
		{BAA1C48F-35A1-47A0-AA10-46289A6BA821}.Debug|Any CPU.Build.0 = Debug|Any CPU
		{BAA1C48F-35A1-47A0-AA10-46289A6BA821}.Release|Any CPU.ActiveCfg = Release|Any CPU
		{BAA1C48F-35A1-47A0-AA10-46289A6BA821}.Release|Any CPU.Build.0 = Release|Any CPU
	EndGlobalSection
	GlobalSection(SolutionProperties) = preSolution
		HideSolutionNode = FALSE
	EndGlobalSection
	GlobalSection(ExtensibilityGlobals) = postSolution
		SolutionGuid = {57D83B98-27A3-4F4D-A747-91189FA12EF4}
	EndGlobalSection
EndGlobal
