
Microsoft Visual Studio Solution File, Format Version 12.00
# Visual Studio Version 17
VisualStudioVersion = 17.0.31919.166
MinimumVisualStudioVersion = 10.0.40219.1
Project("{FAE04EC0-301F-11D3-BF4B-00C04F79EFBC}") = "exercise_4_1", "exercise_4_1\exercise_4_1.csproj", "{A928D5D6-C9DE-4736-8500-8FE6D77DEDCC}"
EndProject
Project("{FAE04EC0-301F-11D3-BF4B-00C04F79EFBC}") = "exercise_4_2", "exercise_4_2\exercise_4_2.csproj", "{7839B459-C0E0-4A73-8B51-521714A39D33}"
EndProject
Project("{FAE04EC0-301F-11D3-BF4B-00C04F79EFBC}") = "exercise_4_3", "exercise_4_3\exercise_4_3.csproj", "{4281E530-49BA-4E18-A5CC-8F7E97D9346F}"
EndProject
Global
	GlobalSection(SolutionConfigurationPlatforms) = preSolution
		Debug|Any CPU = Debug|Any CPU
		Release|Any CPU = Release|Any CPU
	EndGlobalSection
	GlobalSection(ProjectConfigurationPlatforms) = postSolution
		{A928D5D6-C9DE-4736-8500-8FE6D77DEDCC}.Debug|Any CPU.ActiveCfg = Debug|Any CPU
		{A928D5D6-C9DE-4736-8500-8FE6D77DEDCC}.Debug|Any CPU.Build.0 = Debug|Any CPU
		{A928D5D6-C9DE-4736-8500-8FE6D77DEDCC}.Release|Any CPU.ActiveCfg = Release|Any CPU
		{A928D5D6-C9DE-4736-8500-8FE6D77DEDCC}.Release|Any CPU.Build.0 = Release|Any CPU
		{7839B459-C0E0-4A73-8B51-521714A39D33}.Debug|Any CPU.ActiveCfg = Debug|Any CPU
		{7839B459-C0E0-4A73-8B51-521714A39D33}.Debug|Any CPU.Build.0 = Debug|Any CPU
		{7839B459-C0E0-4A73-8B51-521714A39D33}.Release|Any CPU.ActiveCfg = Release|Any CPU
		{7839B459-C0E0-4A73-8B51-521714A39D33}.Release|Any CPU.Build.0 = Release|Any CPU
		{4281E530-49BA-4E18-A5CC-8F7E97D9346F}.Debug|Any CPU.ActiveCfg = Debug|Any CPU
		{4281E530-49BA-4E18-A5CC-8F7E97D9346F}.Debug|Any CPU.Build.0 = Debug|Any CPU
		{4281E530-49BA-4E18-A5CC-8F7E97D9346F}.Release|Any CPU.ActiveCfg = Release|Any CPU
		{4281E530-49BA-4E18-A5CC-8F7E97D9346F}.Release|Any CPU.Build.0 = Release|Any CPU
	EndGlobalSection
	GlobalSection(SolutionProperties) = preSolution
		HideSolutionNode = FALSE
	EndGlobalSection
	GlobalSection(ExtensibilityGlobals) = postSolution
		SolutionGuid = {B66B6321-DC5B-4205-BD24-9CF6042D7573}
	EndGlobalSection
EndGlobal
